// !$*UTF8*$!
{
	archiveVersion = 1;
	classes = {
	};
	objectVersion = 55;
	objects = {

/* Begin PBXBuildFile section */
		DC04CB62287651C400601B3F /* ChannelsViewModel.swift in Sources */ = {isa = PBXBuildFile; fileRef = DC04CB61287651C400601B3F /* ChannelsViewModel.swift */; };
		DC04CB6828765DC000601B3F /* ChannelsViewController.swift in Sources */ = {isa = PBXBuildFile; fileRef = DC04CB6628765DC000601B3F /* ChannelsViewController.swift */; };
		DC04CB6928765DC000601B3F /* ChannelsViewController.xib in Resources */ = {isa = PBXBuildFile; fileRef = DC04CB6728765DC000601B3F /* ChannelsViewController.xib */; };
		DC04CB6C28765EC500601B3F /* NewEpisodeCollectionViewCell.swift in Sources */ = {isa = PBXBuildFile; fileRef = DC04CB6A28765EC500601B3F /* NewEpisodeCollectionViewCell.swift */; };
		DC04CB6D28765EC500601B3F /* NewEpisodeCollectionViewCell.xib in Resources */ = {isa = PBXBuildFile; fileRef = DC04CB6B28765EC500601B3F /* NewEpisodeCollectionViewCell.xib */; };
		DC04CB712876679E00601B3F /* MediaCell.swift in Sources */ = {isa = PBXBuildFile; fileRef = DC04CB702876679E00601B3F /* MediaCell.swift */; };
		DC04CB73287668BC00601B3F /* TitleHeaderView.swift in Sources */ = {isa = PBXBuildFile; fileRef = DC04CB72287668BC00601B3F /* TitleHeaderView.swift */; };
		DC04CB752876793B00601B3F /* UIImageView+Extension.swift in Sources */ = {isa = PBXBuildFile; fileRef = DC04CB742876793B00601B3F /* UIImageView+Extension.swift */; };
		DC04CB82287706F300601B3F /* SeriesCoursesHeaderView.swift in Sources */ = {isa = PBXBuildFile; fileRef = DC04CB81287706F300601B3F /* SeriesCoursesHeaderView.swift */; };
		DC04CB8528778ADD00601B3F /* CategoryCollectionViewCell.swift in Sources */ = {isa = PBXBuildFile; fileRef = DC04CB8328778ADD00601B3F /* CategoryCollectionViewCell.swift */; };
		DC04CB8628778ADD00601B3F /* CategoryCollectionViewCell.xib in Resources */ = {isa = PBXBuildFile; fileRef = DC04CB8428778ADD00601B3F /* CategoryCollectionViewCell.xib */; };
		DC04CB882877ACCE00601B3F /* ChannelsUseCaseTests.swift in Sources */ = {isa = PBXBuildFile; fileRef = DC04CB872877ACCE00601B3F /* ChannelsUseCaseTests.swift */; };
		DC04CB8A287A2DBA00601B3F /* ChannelsViewModelTests.swift in Sources */ = {isa = PBXBuildFile; fileRef = DC04CB89287A2DBA00601B3F /* ChannelsViewModelTests.swift */; };
		DC0B9C122873A0A10007FE1F /* MediaModel.swift in Sources */ = {isa = PBXBuildFile; fileRef = DCE8D4FD287260BB00B129D1 /* MediaModel.swift */; };
		DC63E8B62873AD520014FFF5 /* Channels.xcdatamodeld in Sources */ = {isa = PBXBuildFile; fileRef = DCE8D4F42872600000B129D1 /* Channels.xcdatamodeld */; };
		DCE8D3CB28719FCA00B129D1 /* AppDelegate.swift in Sources */ = {isa = PBXBuildFile; fileRef = DCE8D3CA28719FCA00B129D1 /* AppDelegate.swift */; };
		DCE8D3CD28719FCA00B129D1 /* SceneDelegate.swift in Sources */ = {isa = PBXBuildFile; fileRef = DCE8D3CC28719FCA00B129D1 /* SceneDelegate.swift */; };
		DCE8D3D428719FCB00B129D1 /* Assets.xcassets in Resources */ = {isa = PBXBuildFile; fileRef = DCE8D3D328719FCB00B129D1 /* Assets.xcassets */; };
		DCE8D3D728719FCB00B129D1 /* LaunchScreen.storyboard in Resources */ = {isa = PBXBuildFile; fileRef = DCE8D3D528719FCB00B129D1 /* LaunchScreen.storyboard */; };
		DCE8D3E228719FCB00B129D1 /* MindvalleyTests.swift in Sources */ = {isa = PBXBuildFile; fileRef = DCE8D3E128719FCB00B129D1 /* MindvalleyTests.swift */; };
		DCE8D3EC28719FCB00B129D1 /* MindvalleyUITests.swift in Sources */ = {isa = PBXBuildFile; fileRef = DCE8D3EB28719FCB00B129D1 /* MindvalleyUITests.swift */; };
		DCE8D3EE28719FCB00B129D1 /* MindvalleyUITestsLaunchTests.swift in Sources */ = {isa = PBXBuildFile; fileRef = DCE8D3ED28719FCB00B129D1 /* MindvalleyUITestsLaunchTests.swift */; };
		DCE8D4DE28725F6800B129D1 /* DataResponseDTO.swift in Sources */ = {isa = PBXBuildFile; fileRef = DCE8D4DD28725F5A00B129D1 /* DataResponseDTO.swift */; };
		DCE8D4E228725F7F00B129D1 /* NewEpisodesResponseDTO+Mapping.swift in Sources */ = {isa = PBXBuildFile; fileRef = DCE8D4E128725F7F00B129D1 /* NewEpisodesResponseDTO+Mapping.swift */; };
		DCE8D4E328725F7F00B129D1 /* CategoriesResponseDTO+Mapping.swift in Sources */ = {isa = PBXBuildFile; fileRef = DCE8D4DF28725F7F00B129D1 /* CategoriesResponseDTO+Mapping.swift */; };
		DCE8D4E428725F7F00B129D1 /* ChannelsResponseDTO+Mapping.swift in Sources */ = {isa = PBXBuildFile; fileRef = DCE8D4E028725F7F00B129D1 /* ChannelsResponseDTO+Mapping.swift */; };
		DCE8D4E728725F9A00B129D1 /* Endpoint.swift in Sources */ = {isa = PBXBuildFile; fileRef = DCE8D4E528725F9700B129D1 /* Endpoint.swift */; };
		DCE8D4E828725F9C00B129D1 /* Endpoint+Channels.swift in Sources */ = {isa = PBXBuildFile; fileRef = DCE8D4E628725F9700B129D1 /* Endpoint+Channels.swift */; };
		DCE8D4EC28725FAB00B129D1 /* Constants.swift in Sources */ = {isa = PBXBuildFile; fileRef = DCE8D4EB28725FA900B129D1 /* Constants.swift */; };
		DCE8D4ED28725FAD00B129D1 /* NetworkService.swift in Sources */ = {isa = PBXBuildFile; fileRef = DCE8D4EA28725FA900B129D1 /* NetworkService.swift */; };
		DCE8D4EE28725FB000B129D1 /* NetworkSupport.swift in Sources */ = {isa = PBXBuildFile; fileRef = DCE8D4E928725FA900B129D1 /* NetworkSupport.swift */; };
		DCE8D4F228725FEC00B129D1 /* DefaultChannelsRepositoryImplementer.swift in Sources */ = {isa = PBXBuildFile; fileRef = DCE8D4F128725FEA00B129D1 /* DefaultChannelsRepositoryImplementer.swift */; };
		DCE8D500287260BF00B129D1 /* CategoryModel.swift in Sources */ = {isa = PBXBuildFile; fileRef = DCE8D4FF287260BB00B129D1 /* CategoryModel.swift */; };
		DCE8D502287260BF00B129D1 /* ChannelModel.swift in Sources */ = {isa = PBXBuildFile; fileRef = DCE8D4FE287260BB00B129D1 /* ChannelModel.swift */; };
		DCE8D508287260E700B129D1 /* ChannelsRepository.swift in Sources */ = {isa = PBXBuildFile; fileRef = DCE8D507287260E700B129D1 /* ChannelsRepository.swift */; };
		DCE8D509287260F600B129D1 /* ChannelsUseCase.swift in Sources */ = {isa = PBXBuildFile; fileRef = DCE8D505287260CF00B129D1 /* ChannelsUseCase.swift */; };
		DCE8D50E2872614700B129D1 /* UIViewController+Extension.swift in Sources */ = {isa = PBXBuildFile; fileRef = DCE8D50D2872614400B129D1 /* UIViewController+Extension.swift */; };
		DCE8D50F2872614700B129D1 /* ActivityIndicatorMaker.swift in Sources */ = {isa = PBXBuildFile; fileRef = DCE8D50C2872614400B129D1 /* ActivityIndicatorMaker.swift */; };
		DCE8D511287262D200B129D1 /* CoreDataStorage.swift in Sources */ = {isa = PBXBuildFile; fileRef = DCE8D510287262D200B129D1 /* CoreDataStorage.swift */; };
		DCE8D5142872634200B129D1 /* DefaultChannelsCoreDataStorage.swift in Sources */ = {isa = PBXBuildFile; fileRef = DCE8D5122872634200B129D1 /* DefaultChannelsCoreDataStorage.swift */; };
		DCE8D5152872634200B129D1 /* ChannelsResponseStorage.swift in Sources */ = {isa = PBXBuildFile; fileRef = DCE8D5132872634200B129D1 /* ChannelsResponseStorage.swift */; };
		DCE8D5172872635600B129D1 /* ChannelResponseEntity+Mapping.swift in Sources */ = {isa = PBXBuildFile; fileRef = DCE8D5162872635600B129D1 /* ChannelResponseEntity+Mapping.swift */; };
		FA1B8B20287C829A0092C8E7 /* Roboto-Medium.ttf in Resources */ = {isa = PBXBuildFile; fileRef = FA1B8B14287C82990092C8E7 /* Roboto-Medium.ttf */; };
		FA1B8B24287C829A0092C8E7 /* Roboto-Bold.ttf in Resources */ = {isa = PBXBuildFile; fileRef = FA1B8B18287C829A0092C8E7 /* Roboto-Bold.ttf */; };
		FA1B8B25287C829A0092C8E7 /* Roboto-Regular.ttf in Resources */ = {isa = PBXBuildFile; fileRef = FA1B8B19287C829A0092C8E7 /* Roboto-Regular.ttf */; };
/* End PBXBuildFile section */

/* Begin PBXContainerItemProxy section */
		DCE8D3DE28719FCB00B129D1 /* PBXContainerItemProxy */ = {
			isa = PBXContainerItemProxy;
			containerPortal = DCE8D3BF28719FCA00B129D1 /* Project object */;
			proxyType = 1;
			remoteGlobalIDString = DCE8D3C628719FCA00B129D1;
			remoteInfo = Mindvalley;
		};
		DCE8D3E828719FCB00B129D1 /* PBXContainerItemProxy */ = {
			isa = PBXContainerItemProxy;
			containerPortal = DCE8D3BF28719FCA00B129D1 /* Project object */;
			proxyType = 1;
			remoteGlobalIDString = DCE8D3C628719FCA00B129D1;
			remoteInfo = Mindvalley;
		};
/* End PBXContainerItemProxy section */

/* Begin PBXFileReference section */
		DC04CB61287651C400601B3F /* ChannelsViewModel.swift */ = {isa = PBXFileReference; lastKnownFileType = sourcecode.swift; path = ChannelsViewModel.swift; sourceTree = "<group>"; };
		DC04CB6628765DC000601B3F /* ChannelsViewController.swift */ = {isa = PBXFileReference; lastKnownFileType = sourcecode.swift; path = ChannelsViewController.swift; sourceTree = "<group>"; };
		DC04CB6728765DC000601B3F /* ChannelsViewController.xib */ = {isa = PBXFileReference; lastKnownFileType = file.xib; path = ChannelsViewController.xib; sourceTree = "<group>"; };
		DC04CB6A28765EC500601B3F /* NewEpisodeCollectionViewCell.swift */ = {isa = PBXFileReference; lastKnownFileType = sourcecode.swift; path = NewEpisodeCollectionViewCell.swift; sourceTree = "<group>"; };
		DC04CB6B28765EC500601B3F /* NewEpisodeCollectionViewCell.xib */ = {isa = PBXFileReference; lastKnownFileType = file.xib; path = NewEpisodeCollectionViewCell.xib; sourceTree = "<group>"; };
		DC04CB702876679E00601B3F /* MediaCell.swift */ = {isa = PBXFileReference; lastKnownFileType = sourcecode.swift; path = MediaCell.swift; sourceTree = "<group>"; };
		DC04CB72287668BC00601B3F /* TitleHeaderView.swift */ = {isa = PBXFileReference; lastKnownFileType = sourcecode.swift; path = TitleHeaderView.swift; sourceTree = "<group>"; };
		DC04CB742876793B00601B3F /* UIImageView+Extension.swift */ = {isa = PBXFileReference; lastKnownFileType = sourcecode.swift; path = "UIImageView+Extension.swift"; sourceTree = "<group>"; };
		DC04CB81287706F300601B3F /* SeriesCoursesHeaderView.swift */ = {isa = PBXFileReference; lastKnownFileType = sourcecode.swift; path = SeriesCoursesHeaderView.swift; sourceTree = "<group>"; };
		DC04CB8328778ADD00601B3F /* CategoryCollectionViewCell.swift */ = {isa = PBXFileReference; lastKnownFileType = sourcecode.swift; path = CategoryCollectionViewCell.swift; sourceTree = "<group>"; };
		DC04CB8428778ADD00601B3F /* CategoryCollectionViewCell.xib */ = {isa = PBXFileReference; lastKnownFileType = file.xib; path = CategoryCollectionViewCell.xib; sourceTree = "<group>"; };
		DC04CB872877ACCE00601B3F /* ChannelsUseCaseTests.swift */ = {isa = PBXFileReference; lastKnownFileType = sourcecode.swift; path = ChannelsUseCaseTests.swift; sourceTree = "<group>"; };
		DC04CB89287A2DBA00601B3F /* ChannelsViewModelTests.swift */ = {isa = PBXFileReference; lastKnownFileType = sourcecode.swift; path = ChannelsViewModelTests.swift; sourceTree = "<group>"; };
		DCE8D3C728719FCA00B129D1 /* Mindvalley.app */ = {isa = PBXFileReference; explicitFileType = wrapper.application; includeInIndex = 0; path = Mindvalley.app; sourceTree = BUILT_PRODUCTS_DIR; };
		DCE8D3CA28719FCA00B129D1 /* AppDelegate.swift */ = {isa = PBXFileReference; lastKnownFileType = sourcecode.swift; path = AppDelegate.swift; sourceTree = "<group>"; };
		DCE8D3CC28719FCA00B129D1 /* SceneDelegate.swift */ = {isa = PBXFileReference; lastKnownFileType = sourcecode.swift; path = SceneDelegate.swift; sourceTree = "<group>"; };
		DCE8D3D328719FCB00B129D1 /* Assets.xcassets */ = {isa = PBXFileReference; lastKnownFileType = folder.assetcatalog; path = Assets.xcassets; sourceTree = "<group>"; };
		DCE8D3D628719FCB00B129D1 /* Base */ = {isa = PBXFileReference; lastKnownFileType = file.storyboard; name = Base; path = Base.lproj/LaunchScreen.storyboard; sourceTree = "<group>"; };
		DCE8D3D828719FCB00B129D1 /* Info.plist */ = {isa = PBXFileReference; lastKnownFileType = text.plist.xml; path = Info.plist; sourceTree = "<group>"; };
		DCE8D3DD28719FCB00B129D1 /* MindvalleyTests.xctest */ = {isa = PBXFileReference; explicitFileType = wrapper.cfbundle; includeInIndex = 0; path = MindvalleyTests.xctest; sourceTree = BUILT_PRODUCTS_DIR; };
		DCE8D3E128719FCB00B129D1 /* MindvalleyTests.swift */ = {isa = PBXFileReference; lastKnownFileType = sourcecode.swift; path = MindvalleyTests.swift; sourceTree = "<group>"; };
		DCE8D3E728719FCB00B129D1 /* MindvalleyUITests.xctest */ = {isa = PBXFileReference; explicitFileType = wrapper.cfbundle; includeInIndex = 0; path = MindvalleyUITests.xctest; sourceTree = BUILT_PRODUCTS_DIR; };
		DCE8D3EB28719FCB00B129D1 /* MindvalleyUITests.swift */ = {isa = PBXFileReference; lastKnownFileType = sourcecode.swift; path = MindvalleyUITests.swift; sourceTree = "<group>"; };
		DCE8D3ED28719FCB00B129D1 /* MindvalleyUITestsLaunchTests.swift */ = {isa = PBXFileReference; lastKnownFileType = sourcecode.swift; path = MindvalleyUITestsLaunchTests.swift; sourceTree = "<group>"; };
		DCE8D4DD28725F5A00B129D1 /* DataResponseDTO.swift */ = {isa = PBXFileReference; lastKnownFileType = sourcecode.swift; path = DataResponseDTO.swift; sourceTree = "<group>"; };
		DCE8D4DF28725F7F00B129D1 /* CategoriesResponseDTO+Mapping.swift */ = {isa = PBXFileReference; lastKnownFileType = sourcecode.swift; path = "CategoriesResponseDTO+Mapping.swift"; sourceTree = "<group>"; };
		DCE8D4E028725F7F00B129D1 /* ChannelsResponseDTO+Mapping.swift */ = {isa = PBXFileReference; lastKnownFileType = sourcecode.swift; path = "ChannelsResponseDTO+Mapping.swift"; sourceTree = "<group>"; };
		DCE8D4E128725F7F00B129D1 /* NewEpisodesResponseDTO+Mapping.swift */ = {isa = PBXFileReference; lastKnownFileType = sourcecode.swift; path = "NewEpisodesResponseDTO+Mapping.swift"; sourceTree = "<group>"; };
		DCE8D4E528725F9700B129D1 /* Endpoint.swift */ = {isa = PBXFileReference; lastKnownFileType = sourcecode.swift; path = Endpoint.swift; sourceTree = "<group>"; };
		DCE8D4E628725F9700B129D1 /* Endpoint+Channels.swift */ = {isa = PBXFileReference; lastKnownFileType = sourcecode.swift; path = "Endpoint+Channels.swift"; sourceTree = "<group>"; };
		DCE8D4E928725FA900B129D1 /* NetworkSupport.swift */ = {isa = PBXFileReference; lastKnownFileType = sourcecode.swift; path = NetworkSupport.swift; sourceTree = "<group>"; };
		DCE8D4EA28725FA900B129D1 /* NetworkService.swift */ = {isa = PBXFileReference; lastKnownFileType = sourcecode.swift; path = NetworkService.swift; sourceTree = "<group>"; };
		DCE8D4EB28725FA900B129D1 /* Constants.swift */ = {isa = PBXFileReference; lastKnownFileType = sourcecode.swift; path = Constants.swift; sourceTree = "<group>"; };
		DCE8D4F128725FEA00B129D1 /* DefaultChannelsRepositoryImplementer.swift */ = {isa = PBXFileReference; lastKnownFileType = sourcecode.swift; path = DefaultChannelsRepositoryImplementer.swift; sourceTree = "<group>"; };
		DCE8D4F52872600000B129D1 /* ListPhotos.xcdatamodel */ = {isa = PBXFileReference; lastKnownFileType = wrapper.xcdatamodel; path = ListPhotos.xcdatamodel; sourceTree = "<group>"; };
		DCE8D4FD287260BB00B129D1 /* MediaModel.swift */ = {isa = PBXFileReference; lastKnownFileType = sourcecode.swift; path = MediaModel.swift; sourceTree = "<group>"; };
		DCE8D4FE287260BB00B129D1 /* ChannelModel.swift */ = {isa = PBXFileReference; lastKnownFileType = sourcecode.swift; path = ChannelModel.swift; sourceTree = "<group>"; };
		DCE8D4FF287260BB00B129D1 /* CategoryModel.swift */ = {isa = PBXFileReference; lastKnownFileType = sourcecode.swift; path = CategoryModel.swift; sourceTree = "<group>"; };
		DCE8D505287260CF00B129D1 /* ChannelsUseCase.swift */ = {isa = PBXFileReference; lastKnownFileType = sourcecode.swift; path = ChannelsUseCase.swift; sourceTree = "<group>"; };
		DCE8D507287260E700B129D1 /* ChannelsRepository.swift */ = {isa = PBXFileReference; fileEncoding = 4; lastKnownFileType = sourcecode.swift; path = ChannelsRepository.swift; sourceTree = "<group>"; };
		DCE8D50C2872614400B129D1 /* ActivityIndicatorMaker.swift */ = {isa = PBXFileReference; lastKnownFileType = sourcecode.swift; path = ActivityIndicatorMaker.swift; sourceTree = "<group>"; };
		DCE8D50D2872614400B129D1 /* UIViewController+Extension.swift */ = {isa = PBXFileReference; lastKnownFileType = sourcecode.swift; path = "UIViewController+Extension.swift"; sourceTree = "<group>"; };
		DCE8D510287262D200B129D1 /* CoreDataStorage.swift */ = {isa = PBXFileReference; fileEncoding = 4; lastKnownFileType = sourcecode.swift; path = CoreDataStorage.swift; sourceTree = "<group>"; };
		DCE8D5122872634200B129D1 /* DefaultChannelsCoreDataStorage.swift */ = {isa = PBXFileReference; fileEncoding = 4; lastKnownFileType = sourcecode.swift; path = DefaultChannelsCoreDataStorage.swift; sourceTree = "<group>"; };
		DCE8D5132872634200B129D1 /* ChannelsResponseStorage.swift */ = {isa = PBXFileReference; fileEncoding = 4; lastKnownFileType = sourcecode.swift; path = ChannelsResponseStorage.swift; sourceTree = "<group>"; };
		DCE8D5162872635600B129D1 /* ChannelResponseEntity+Mapping.swift */ = {isa = PBXFileReference; fileEncoding = 4; lastKnownFileType = sourcecode.swift; path = "ChannelResponseEntity+Mapping.swift"; sourceTree = "<group>"; };
		FA1B8B14287C82990092C8E7 /* Roboto-Medium.ttf */ = {isa = PBXFileReference; lastKnownFileType = file; path = "Roboto-Medium.ttf"; sourceTree = "<group>"; };
		FA1B8B18287C829A0092C8E7 /* Roboto-Bold.ttf */ = {isa = PBXFileReference; lastKnownFileType = file; path = "Roboto-Bold.ttf"; sourceTree = "<group>"; };
		FA1B8B19287C829A0092C8E7 /* Roboto-Regular.ttf */ = {isa = PBXFileReference; lastKnownFileType = file; path = "Roboto-Regular.ttf"; sourceTree = "<group>"; };
/* End PBXFileReference section */

/* Begin PBXFrameworksBuildPhase section */
		DCE8D3C428719FCA00B129D1 /* Frameworks */ = {
			isa = PBXFrameworksBuildPhase;
			buildActionMask = 2147483647;
			files = (
			);
			runOnlyForDeploymentPostprocessing = 0;
		};
		DCE8D3DA28719FCB00B129D1 /* Frameworks */ = {
			isa = PBXFrameworksBuildPhase;
			buildActionMask = 2147483647;
			files = (
			);
			runOnlyForDeploymentPostprocessing = 0;
		};
		DCE8D3E428719FCB00B129D1 /* Frameworks */ = {
			isa = PBXFrameworksBuildPhase;
			buildActionMask = 2147483647;
			files = (
			);
			runOnlyForDeploymentPostprocessing = 0;
		};
/* End PBXFrameworksBuildPhase section */

/* Begin PBXGroup section */
		DC04CB59287650ED00601B3F /* Channels */ = {
			isa = PBXGroup;
			children = (
				DC04CB5B287650FA00601B3F /* ViewModel */,
				DC04CB5A287650F600601B3F /* View */,
			);
			path = Channels;
			sourceTree = "<group>";
		};
		DC04CB5A287650F600601B3F /* View */ = {
			isa = PBXGroup;
			children = (
				DC04CB6328765CC300601B3F /* Cells */,
				DC04CB6628765DC000601B3F /* ChannelsViewController.swift */,
				DC04CB6728765DC000601B3F /* ChannelsViewController.xib */,
			);
			path = View;
			sourceTree = "<group>";
		};
		DC04CB5B287650FA00601B3F /* ViewModel */ = {
			isa = PBXGroup;
			children = (
				DC04CB61287651C400601B3F /* ChannelsViewModel.swift */,
			);
			path = ViewModel;
			sourceTree = "<group>";
		};
		DC04CB6328765CC300601B3F /* Cells */ = {
			isa = PBXGroup;
			children = (
				DC04CB702876679E00601B3F /* MediaCell.swift */,
				DC04CB72287668BC00601B3F /* TitleHeaderView.swift */,
				DC04CB81287706F300601B3F /* SeriesCoursesHeaderView.swift */,
				DC04CB6A28765EC500601B3F /* NewEpisodeCollectionViewCell.swift */,
				DC04CB6B28765EC500601B3F /* NewEpisodeCollectionViewCell.xib */,
				DC04CB8328778ADD00601B3F /* CategoryCollectionViewCell.swift */,
				DC04CB8428778ADD00601B3F /* CategoryCollectionViewCell.xib */,
			);
			path = Cells;
			sourceTree = "<group>";
		};
		DCE8D3BE28719FCA00B129D1 = {
			isa = PBXGroup;
			children = (
				DCE8D3C928719FCA00B129D1 /* Mindvalley */,
				DCE8D3E028719FCB00B129D1 /* MindvalleyTests */,
				DCE8D3EA28719FCB00B129D1 /* MindvalleyUITests */,
				DCE8D3C828719FCA00B129D1 /* Products */,
			);
			sourceTree = "<group>";
		};
		DCE8D3C828719FCA00B129D1 /* Products */ = {
			isa = PBXGroup;
			children = (
				DCE8D3C728719FCA00B129D1 /* Mindvalley.app */,
				DCE8D3DD28719FCB00B129D1 /* MindvalleyTests.xctest */,
				DCE8D3E728719FCB00B129D1 /* MindvalleyUITests.xctest */,
			);
			name = Products;
			sourceTree = "<group>";
		};
		DCE8D3C928719FCA00B129D1 /* Mindvalley */ = {
			isa = PBXGroup;
			children = (
				DCE8D3CA28719FCA00B129D1 /* AppDelegate.swift */,
				DCE8D3CC28719FCA00B129D1 /* SceneDelegate.swift */,
				DCE8D50A2872613000B129D1 /* Presentation */,
				DCE8D4F92872608700B129D1 /* Domain */,
				DCE8D4D728725F0F00B129D1 /* Data */,
				FA1B8B0C287C826A0092C8E7 /* Resources */,
				DCE8D3D328719FCB00B129D1 /* Assets.xcassets */,
				DCE8D3D528719FCB00B129D1 /* LaunchScreen.storyboard */,
				DCE8D3D828719FCB00B129D1 /* Info.plist */,
			);
			path = Mindvalley;
			sourceTree = "<group>";
		};
		DCE8D3E028719FCB00B129D1 /* MindvalleyTests */ = {
			isa = PBXGroup;
			children = (
				DCE8D3E128719FCB00B129D1 /* MindvalleyTests.swift */,
				DC04CB872877ACCE00601B3F /* ChannelsUseCaseTests.swift */,
				DC04CB89287A2DBA00601B3F /* ChannelsViewModelTests.swift */,
			);
			path = MindvalleyTests;
			sourceTree = "<group>";
		};
		DCE8D3EA28719FCB00B129D1 /* MindvalleyUITests */ = {
			isa = PBXGroup;
			children = (
				DCE8D3EB28719FCB00B129D1 /* MindvalleyUITests.swift */,
				DCE8D3ED28719FCB00B129D1 /* MindvalleyUITestsLaunchTests.swift */,
			);
			path = MindvalleyUITests;
			sourceTree = "<group>";
		};
		DCE8D4D728725F0F00B129D1 /* Data */ = {
			isa = PBXGroup;
			children = (
				DCE8D4F028725FDF00B129D1 /* Repository */,
				DCE8D4EF28725FD800B129D1 /* Source */,
			);
			path = Data;
			sourceTree = "<group>";
		};
		DCE8D4D828725F2A00B129D1 /* Local */ = {
			isa = PBXGroup;
			children = (
				DCE8D4F72872602300B129D1 /* ChannelsResponseStorage */,
				DCE8D4F328725FF900B129D1 /* CoreDataStorage */,
			);
			path = Local;
			sourceTree = "<group>";
		};
		DCE8D4D928725F2E00B129D1 /* Remote */ = {
			isa = PBXGroup;
			children = (
				DCE8D4DC28725F4E00B129D1 /* DataMapping */,
				DCE8D4DB28725F4400B129D1 /* Endpoints */,
				DCE8D4DA28725F4000B129D1 /* Network */,
			);
			path = Remote;
			sourceTree = "<group>";
		};
		DCE8D4DA28725F4000B129D1 /* Network */ = {
			isa = PBXGroup;
			children = (
				DCE8D4EB28725FA900B129D1 /* Constants.swift */,
				DCE8D4EA28725FA900B129D1 /* NetworkService.swift */,
				DCE8D4E928725FA900B129D1 /* NetworkSupport.swift */,
			);
			path = Network;
			sourceTree = "<group>";
		};
		DCE8D4DB28725F4400B129D1 /* Endpoints */ = {
			isa = PBXGroup;
			children = (
				DCE8D4E528725F9700B129D1 /* Endpoint.swift */,
				DCE8D4E628725F9700B129D1 /* Endpoint+Channels.swift */,
			);
			path = Endpoints;
			sourceTree = "<group>";
		};
		DCE8D4DC28725F4E00B129D1 /* DataMapping */ = {
			isa = PBXGroup;
			children = (
				DCE8D4DD28725F5A00B129D1 /* DataResponseDTO.swift */,
				DCE8D4E028725F7F00B129D1 /* ChannelsResponseDTO+Mapping.swift */,
				DCE8D4E128725F7F00B129D1 /* NewEpisodesResponseDTO+Mapping.swift */,
				DCE8D4DF28725F7F00B129D1 /* CategoriesResponseDTO+Mapping.swift */,
			);
			path = DataMapping;
			sourceTree = "<group>";
		};
		DCE8D4EF28725FD800B129D1 /* Source */ = {
			isa = PBXGroup;
			children = (
				DCE8D4D828725F2A00B129D1 /* Local */,
				DCE8D4D928725F2E00B129D1 /* Remote */,
			);
			path = Source;
			sourceTree = "<group>";
		};
		DCE8D4F028725FDF00B129D1 /* Repository */ = {
			isa = PBXGroup;
			children = (
				DCE8D4F128725FEA00B129D1 /* DefaultChannelsRepositoryImplementer.swift */,
			);
			path = Repository;
			sourceTree = "<group>";
		};
		DCE8D4F328725FF900B129D1 /* CoreDataStorage */ = {
			isa = PBXGroup;
			children = (
				DCE8D510287262D200B129D1 /* CoreDataStorage.swift */,
				DCE8D4F42872600000B129D1 /* Channels.xcdatamodeld */,
			);
			path = CoreDataStorage;
			sourceTree = "<group>";
		};
		DCE8D4F72872602300B129D1 /* ChannelsResponseStorage */ = {
			isa = PBXGroup;
			children = (
				DCE8D5122872634200B129D1 /* DefaultChannelsCoreDataStorage.swift */,
				DCE8D5132872634200B129D1 /* ChannelsResponseStorage.swift */,
				DCE8D4F82872602800B129D1 /* EntityMapping */,
			);
			path = ChannelsResponseStorage;
			sourceTree = "<group>";
		};
		DCE8D4F82872602800B129D1 /* EntityMapping */ = {
			isa = PBXGroup;
			children = (
				DCE8D5162872635600B129D1 /* ChannelResponseEntity+Mapping.swift */,
			);
			path = EntityMapping;
			sourceTree = "<group>";
		};
		DCE8D4F92872608700B129D1 /* Domain */ = {
			isa = PBXGroup;
			children = (
				DCE8D4FA2872608D00B129D1 /* Entity */,
				DCE8D4FB2872609200B129D1 /* Repositories */,
				DCE8D4FC2872609A00B129D1 /* UseCases */,
			);
			path = Domain;
			sourceTree = "<group>";
		};
		DCE8D4FA2872608D00B129D1 /* Entity */ = {
			isa = PBXGroup;
			children = (
				DCE8D4FD287260BB00B129D1 /* MediaModel.swift */,
				DCE8D4FE287260BB00B129D1 /* ChannelModel.swift */,
				DCE8D4FF287260BB00B129D1 /* CategoryModel.swift */,
			);
			path = Entity;
			sourceTree = "<group>";
		};
		DCE8D4FB2872609200B129D1 /* Repositories */ = {
			isa = PBXGroup;
			children = (
				DCE8D507287260E700B129D1 /* ChannelsRepository.swift */,
			);
			path = Repositories;
			sourceTree = "<group>";
		};
		DCE8D4FC2872609A00B129D1 /* UseCases */ = {
			isa = PBXGroup;
			children = (
				DCE8D505287260CF00B129D1 /* ChannelsUseCase.swift */,
			);
			path = UseCases;
			sourceTree = "<group>";
		};
		DCE8D50A2872613000B129D1 /* Presentation */ = {
			isa = PBXGroup;
			children = (
				DC04CB59287650ED00601B3F /* Channels */,
				DCE8D50B2872613A00B129D1 /* Utils */,
			);
			path = Presentation;
			sourceTree = "<group>";
		};
		DCE8D50B2872613A00B129D1 /* Utils */ = {
			isa = PBXGroup;
			children = (
				DCE8D50D2872614400B129D1 /* UIViewController+Extension.swift */,
				DCE8D50C2872614400B129D1 /* ActivityIndicatorMaker.swift */,
				DC04CB742876793B00601B3F /* UIImageView+Extension.swift */,
			);
			path = Utils;
			sourceTree = "<group>";
		};
		FA1B8B0C287C826A0092C8E7 /* Resources */ = {
			isa = PBXGroup;
			children = (
				FA1B8B0D287C82790092C8E7 /* Fonts */,
			);
			path = Resources;
			sourceTree = "<group>";
		};
		FA1B8B0D287C82790092C8E7 /* Fonts */ = {
			isa = PBXGroup;
			children = (
				FA1B8B0E287C82880092C8E7 /* Roboto */,
			);
			path = Fonts;
			sourceTree = "<group>";
		};
		FA1B8B0E287C82880092C8E7 /* Roboto */ = {
			isa = PBXGroup;
			children = (
				FA1B8B18287C829A0092C8E7 /* Roboto-Bold.ttf */,
				FA1B8B14287C82990092C8E7 /* Roboto-Medium.ttf */,
				FA1B8B19287C829A0092C8E7 /* Roboto-Regular.ttf */,
			);
			path = Roboto;
			sourceTree = "<group>";
		};
/* End PBXGroup section */

/* Begin PBXNativeTarget section */
		DCE8D3C628719FCA00B129D1 /* Mindvalley */ = {
			isa = PBXNativeTarget;
			buildConfigurationList = DCE8D3F128719FCB00B129D1 /* Build configuration list for PBXNativeTarget "Mindvalley" */;
			buildPhases = (
				DCE8D3C328719FCA00B129D1 /* Sources */,
				DCE8D3C428719FCA00B129D1 /* Frameworks */,
				DCE8D3C528719FCA00B129D1 /* Resources */,
			);
			buildRules = (
			);
			dependencies = (
			);
			name = Mindvalley;
			productName = Mindvalley;
			productReference = DCE8D3C728719FCA00B129D1 /* Mindvalley.app */;
			productType = "com.apple.product-type.application";
		};
		DCE8D3DC28719FCB00B129D1 /* MindvalleyTests */ = {
			isa = PBXNativeTarget;
			buildConfigurationList = DCE8D3F428719FCB00B129D1 /* Build configuration list for PBXNativeTarget "MindvalleyTests" */;
			buildPhases = (
				DCE8D3D928719FCB00B129D1 /* Sources */,
				DCE8D3DA28719FCB00B129D1 /* Frameworks */,
				DCE8D3DB28719FCB00B129D1 /* Resources */,
			);
			buildRules = (
			);
			dependencies = (
				DCE8D3DF28719FCB00B129D1 /* PBXTargetDependency */,
			);
			name = MindvalleyTests;
			productName = MindvalleyTests;
			productReference = DCE8D3DD28719FCB00B129D1 /* MindvalleyTests.xctest */;
			productType = "com.apple.product-type.bundle.unit-test";
		};
		DCE8D3E628719FCB00B129D1 /* MindvalleyUITests */ = {
			isa = PBXNativeTarget;
			buildConfigurationList = DCE8D3F728719FCB00B129D1 /* Build configuration list for PBXNativeTarget "MindvalleyUITests" */;
			buildPhases = (
				DCE8D3E328719FCB00B129D1 /* Sources */,
				DCE8D3E428719FCB00B129D1 /* Frameworks */,
				DCE8D3E528719FCB00B129D1 /* Resources */,
			);
			buildRules = (
			);
			dependencies = (
				DCE8D3E928719FCB00B129D1 /* PBXTargetDependency */,
			);
			name = MindvalleyUITests;
			productName = MindvalleyUITests;
			productReference = DCE8D3E728719FCB00B129D1 /* MindvalleyUITests.xctest */;
			productType = "com.apple.product-type.bundle.ui-testing";
		};
/* End PBXNativeTarget section */

/* Begin PBXProject section */
		DCE8D3BF28719FCA00B129D1 /* Project object */ = {
			isa = PBXProject;
			attributes = {
				BuildIndependentTargetsInParallel = 1;
				LastSwiftUpdateCheck = 1340;
				LastUpgradeCheck = 1340;
				TargetAttributes = {
					DCE8D3C628719FCA00B129D1 = {
						CreatedOnToolsVersion = 13.4.1;
					};
					DCE8D3DC28719FCB00B129D1 = {
						CreatedOnToolsVersion = 13.4.1;
						TestTargetID = DCE8D3C628719FCA00B129D1;
					};
					DCE8D3E628719FCB00B129D1 = {
						CreatedOnToolsVersion = 13.4.1;
						TestTargetID = DCE8D3C628719FCA00B129D1;
					};
				};
			};
			buildConfigurationList = DCE8D3C228719FCA00B129D1 /* Build configuration list for PBXProject "Mindvalley" */;
			compatibilityVersion = "Xcode 13.0";
			developmentRegion = en;
			hasScannedForEncodings = 0;
			knownRegions = (
				en,
				Base,
			);
			mainGroup = DCE8D3BE28719FCA00B129D1;
			productRefGroup = DCE8D3C828719FCA00B129D1 /* Products */;
			projectDirPath = "";
			projectRoot = "";
			targets = (
				DCE8D3C628719FCA00B129D1 /* Mindvalley */,
				DCE8D3DC28719FCB00B129D1 /* MindvalleyTests */,
				DCE8D3E628719FCB00B129D1 /* MindvalleyUITests */,
			);
		};
/* End PBXProject section */

/* Begin PBXResourcesBuildPhase section */
		DCE8D3C528719FCA00B129D1 /* Resources */ = {
			isa = PBXResourcesBuildPhase;
			buildActionMask = 2147483647;
			files = (
				FA1B8B25287C829A0092C8E7 /* Roboto-Regular.ttf in Resources */,
				FA1B8B24287C829A0092C8E7 /* Roboto-Bold.ttf in Resources */,
				DC04CB6928765DC000601B3F /* ChannelsViewController.xib in Resources */,
				DC04CB8628778ADD00601B3F /* CategoryCollectionViewCell.xib in Resources */,
				DCE8D3D728719FCB00B129D1 /* LaunchScreen.storyboard in Resources */,
				FA1B8B20287C829A0092C8E7 /* Roboto-Medium.ttf in Resources */,
				DC04CB6D28765EC500601B3F /* NewEpisodeCollectionViewCell.xib in Resources */,
				DCE8D3D428719FCB00B129D1 /* Assets.xcassets in Resources */,
			);
			runOnlyForDeploymentPostprocessing = 0;
		};
		DCE8D3DB28719FCB00B129D1 /* Resources */ = {
			isa = PBXResourcesBuildPhase;
			buildActionMask = 2147483647;
			files = (
			);
			runOnlyForDeploymentPostprocessing = 0;
		};
		DCE8D3E528719FCB00B129D1 /* Resources */ = {
			isa = PBXResourcesBuildPhase;
			buildActionMask = 2147483647;
			files = (
			);
			runOnlyForDeploymentPostprocessing = 0;
		};
/* End PBXResourcesBuildPhase section */

/* Begin PBXSourcesBuildPhase section */
		DCE8D3C328719FCA00B129D1 /* Sources */ = {
			isa = PBXSourcesBuildPhase;
			buildActionMask = 2147483647;
			files = (
				DC04CB8528778ADD00601B3F /* CategoryCollectionViewCell.swift in Sources */,
				DCE8D5152872634200B129D1 /* ChannelsResponseStorage.swift in Sources */,
				DCE8D5172872635600B129D1 /* ChannelResponseEntity+Mapping.swift in Sources */,
				DCE8D4EE28725FB000B129D1 /* NetworkSupport.swift in Sources */,
				DCE8D502287260BF00B129D1 /* ChannelModel.swift in Sources */,
				DCE8D4F228725FEC00B129D1 /* DefaultChannelsRepositoryImplementer.swift in Sources */,
				DCE8D500287260BF00B129D1 /* CategoryModel.swift in Sources */,
				DCE8D508287260E700B129D1 /* ChannelsRepository.swift in Sources */,
				DCE8D4EC28725FAB00B129D1 /* Constants.swift in Sources */,
				DCE8D4E728725F9A00B129D1 /* Endpoint.swift in Sources */,
				DC04CB73287668BC00601B3F /* TitleHeaderView.swift in Sources */,
				DC04CB6828765DC000601B3F /* ChannelsViewController.swift in Sources */,
				DCE8D50F2872614700B129D1 /* ActivityIndicatorMaker.swift in Sources */,
				DCE8D4ED28725FAD00B129D1 /* NetworkService.swift in Sources */,
				DCE8D4DE28725F6800B129D1 /* DataResponseDTO.swift in Sources */,
				DCE8D511287262D200B129D1 /* CoreDataStorage.swift in Sources */,
				DCE8D4E328725F7F00B129D1 /* CategoriesResponseDTO+Mapping.swift in Sources */,
				DCE8D3CB28719FCA00B129D1 /* AppDelegate.swift in Sources */,
				DC04CB6C28765EC500601B3F /* NewEpisodeCollectionViewCell.swift in Sources */,
				DC04CB62287651C400601B3F /* ChannelsViewModel.swift in Sources */,
				DCE8D5142872634200B129D1 /* DefaultChannelsCoreDataStorage.swift in Sources */,
				DCE8D4E428725F7F00B129D1 /* ChannelsResponseDTO+Mapping.swift in Sources */,
				DC04CB712876679E00601B3F /* MediaCell.swift in Sources */,
				DC04CB752876793B00601B3F /* UIImageView+Extension.swift in Sources */,
				DC63E8B62873AD520014FFF5 /* Channels.xcdatamodeld in Sources */,
				DCE8D4E228725F7F00B129D1 /* NewEpisodesResponseDTO+Mapping.swift in Sources */,
				DCE8D509287260F600B129D1 /* ChannelsUseCase.swift in Sources */,
				DC0B9C122873A0A10007FE1F /* MediaModel.swift in Sources */,
				DCE8D4E828725F9C00B129D1 /* Endpoint+Channels.swift in Sources */,
				DC04CB82287706F300601B3F /* SeriesCoursesHeaderView.swift in Sources */,
				DCE8D50E2872614700B129D1 /* UIViewController+Extension.swift in Sources */,
				DCE8D3CD28719FCA00B129D1 /* SceneDelegate.swift in Sources */,
			);
			runOnlyForDeploymentPostprocessing = 0;
		};
		DCE8D3D928719FCB00B129D1 /* Sources */ = {
			isa = PBXSourcesBuildPhase;
			buildActionMask = 2147483647;
			files = (
				DCE8D3E228719FCB00B129D1 /* MindvalleyTests.swift in Sources */,
				DC04CB8A287A2DBA00601B3F /* ChannelsViewModelTests.swift in Sources */,
				DC04CB882877ACCE00601B3F /* ChannelsUseCaseTests.swift in Sources */,
			);
			runOnlyForDeploymentPostprocessing = 0;
		};
		DCE8D3E328719FCB00B129D1 /* Sources */ = {
			isa = PBXSourcesBuildPhase;
			buildActionMask = 2147483647;
			files = (
				DCE8D3EC28719FCB00B129D1 /* MindvalleyUITests.swift in Sources */,
				DCE8D3EE28719FCB00B129D1 /* MindvalleyUITestsLaunchTests.swift in Sources */,
			);
			runOnlyForDeploymentPostprocessing = 0;
		};
/* End PBXSourcesBuildPhase section */

/* Begin PBXTargetDependency section */
		DCE8D3DF28719FCB00B129D1 /* PBXTargetDependency */ = {
			isa = PBXTargetDependency;
			target = DCE8D3C628719FCA00B129D1 /* Mindvalley */;
			targetProxy = DCE8D3DE28719FCB00B129D1 /* PBXContainerItemProxy */;
		};
		DCE8D3E928719FCB00B129D1 /* PBXTargetDependency */ = {
			isa = PBXTargetDependency;
			target = DCE8D3C628719FCA00B129D1 /* Mindvalley */;
			targetProxy = DCE8D3E828719FCB00B129D1 /* PBXContainerItemProxy */;
		};
/* End PBXTargetDependency section */

/* Begin PBXVariantGroup section */
		DCE8D3D528719FCB00B129D1 /* LaunchScreen.storyboard */ = {
			isa = PBXVariantGroup;
			children = (
				DCE8D3D628719FCB00B129D1 /* Base */,
			);
			name = LaunchScreen.storyboard;
			sourceTree = "<group>";
		};
/* End PBXVariantGroup section */

/* Begin XCBuildConfiguration section */
		DCE8D3EF28719FCB00B129D1 /* Debug */ = {
			isa = XCBuildConfiguration;
			buildSettings = {
				ALWAYS_SEARCH_USER_PATHS = NO;
				CLANG_ANALYZER_NONNULL = YES;
				CLANG_ANALYZER_NUMBER_OBJECT_CONVERSION = YES_AGGRESSIVE;
				CLANG_CXX_LANGUAGE_STANDARD = "gnu++17";
				CLANG_ENABLE_MODULES = YES;
				CLANG_ENABLE_OBJC_ARC = YES;
				CLANG_ENABLE_OBJC_WEAK = YES;
				CLANG_WARN_BLOCK_CAPTURE_AUTORELEASING = YES;
				CLANG_WARN_BOOL_CONVERSION = YES;
				CLANG_WARN_COMMA = YES;
				CLANG_WARN_CONSTANT_CONVERSION = YES;
				CLANG_WARN_DEPRECATED_OBJC_IMPLEMENTATIONS = YES;
				CLANG_WARN_DIRECT_OBJC_ISA_USAGE = YES_ERROR;
				CLANG_WARN_DOCUMENTATION_COMMENTS = YES;
				CLANG_WARN_EMPTY_BODY = YES;
				CLANG_WARN_ENUM_CONVERSION = YES;
				CLANG_WARN_INFINITE_RECURSION = YES;
				CLANG_WARN_INT_CONVERSION = YES;
				CLANG_WARN_NON_LITERAL_NULL_CONVERSION = YES;
				CLANG_WARN_OBJC_IMPLICIT_RETAIN_SELF = YES;
				CLANG_WARN_OBJC_LITERAL_CONVERSION = YES;
				CLANG_WARN_OBJC_ROOT_CLASS = YES_ERROR;
				CLANG_WARN_QUOTED_INCLUDE_IN_FRAMEWORK_HEADER = YES;
				CLANG_WARN_RANGE_LOOP_ANALYSIS = YES;
				CLANG_WARN_STRICT_PROTOTYPES = YES;
				CLANG_WARN_SUSPICIOUS_MOVE = YES;
				CLANG_WARN_UNGUARDED_AVAILABILITY = YES_AGGRESSIVE;
				CLANG_WARN_UNREACHABLE_CODE = YES;
				CLANG_WARN__DUPLICATE_METHOD_MATCH = YES;
				COPY_PHASE_STRIP = NO;
				DEBUG_INFORMATION_FORMAT = dwarf;
				ENABLE_STRICT_OBJC_MSGSEND = YES;
				ENABLE_TESTABILITY = YES;
				GCC_C_LANGUAGE_STANDARD = gnu11;
				GCC_DYNAMIC_NO_PIC = NO;
				GCC_NO_COMMON_BLOCKS = YES;
				GCC_OPTIMIZATION_LEVEL = 0;
				GCC_PREPROCESSOR_DEFINITIONS = (
					"DEBUG=1",
					"$(inherited)",
				);
				GCC_WARN_64_TO_32_BIT_CONVERSION = YES;
				GCC_WARN_ABOUT_RETURN_TYPE = YES_ERROR;
				GCC_WARN_UNDECLARED_SELECTOR = YES;
				GCC_WARN_UNINITIALIZED_AUTOS = YES_AGGRESSIVE;
				GCC_WARN_UNUSED_FUNCTION = YES;
				GCC_WARN_UNUSED_VARIABLE = YES;
				IPHONEOS_DEPLOYMENT_TARGET = 15.5;
				MTL_ENABLE_DEBUG_INFO = INCLUDE_SOURCE;
				MTL_FAST_MATH = YES;
				ONLY_ACTIVE_ARCH = YES;
				SDKROOT = iphoneos;
				SWIFT_ACTIVE_COMPILATION_CONDITIONS = DEBUG;
				SWIFT_OPTIMIZATION_LEVEL = "-Onone";
			};
			name = Debug;
		};
		DCE8D3F028719FCB00B129D1 /* Release */ = {
			isa = XCBuildConfiguration;
			buildSettings = {
				ALWAYS_SEARCH_USER_PATHS = NO;
				CLANG_ANALYZER_NONNULL = YES;
				CLANG_ANALYZER_NUMBER_OBJECT_CONVERSION = YES_AGGRESSIVE;
				CLANG_CXX_LANGUAGE_STANDARD = "gnu++17";
				CLANG_ENABLE_MODULES = YES;
				CLANG_ENABLE_OBJC_ARC = YES;
				CLANG_ENABLE_OBJC_WEAK = YES;
				CLANG_WARN_BLOCK_CAPTURE_AUTORELEASING = YES;
				CLANG_WARN_BOOL_CONVERSION = YES;
				CLANG_WARN_COMMA = YES;
				CLANG_WARN_CONSTANT_CONVERSION = YES;
				CLANG_WARN_DEPRECATED_OBJC_IMPLEMENTATIONS = YES;
				CLANG_WARN_DIRECT_OBJC_ISA_USAGE = YES_ERROR;
				CLANG_WARN_DOCUMENTATION_COMMENTS = YES;
				CLANG_WARN_EMPTY_BODY = YES;
				CLANG_WARN_ENUM_CONVERSION = YES;
				CLANG_WARN_INFINITE_RECURSION = YES;
				CLANG_WARN_INT_CONVERSION = YES;
				CLANG_WARN_NON_LITERAL_NULL_CONVERSION = YES;
				CLANG_WARN_OBJC_IMPLICIT_RETAIN_SELF = YES;
				CLANG_WARN_OBJC_LITERAL_CONVERSION = YES;
				CLANG_WARN_OBJC_ROOT_CLASS = YES_ERROR;
				CLANG_WARN_QUOTED_INCLUDE_IN_FRAMEWORK_HEADER = YES;
				CLANG_WARN_RANGE_LOOP_ANALYSIS = YES;
				CLANG_WARN_STRICT_PROTOTYPES = YES;
				CLANG_WARN_SUSPICIOUS_MOVE = YES;
				CLANG_WARN_UNGUARDED_AVAILABILITY = YES_AGGRESSIVE;
				CLANG_WARN_UNREACHABLE_CODE = YES;
				CLANG_WARN__DUPLICATE_METHOD_MATCH = YES;
				COPY_PHASE_STRIP = NO;
				DEBUG_INFORMATION_FORMAT = "dwarf-with-dsym";
				ENABLE_NS_ASSERTIONS = NO;
				ENABLE_STRICT_OBJC_MSGSEND = YES;
				GCC_C_LANGUAGE_STANDARD = gnu11;
				GCC_NO_COMMON_BLOCKS = YES;
				GCC_WARN_64_TO_32_BIT_CONVERSION = YES;
				GCC_WARN_ABOUT_RETURN_TYPE = YES_ERROR;
				GCC_WARN_UNDECLARED_SELECTOR = YES;
				GCC_WARN_UNINITIALIZED_AUTOS = YES_AGGRESSIVE;
				GCC_WARN_UNUSED_FUNCTION = YES;
				GCC_WARN_UNUSED_VARIABLE = YES;
				IPHONEOS_DEPLOYMENT_TARGET = 15.5;
				MTL_ENABLE_DEBUG_INFO = NO;
				MTL_FAST_MATH = YES;
				SDKROOT = iphoneos;
				SWIFT_COMPILATION_MODE = wholemodule;
				SWIFT_OPTIMIZATION_LEVEL = "-O";
				VALIDATE_PRODUCT = YES;
			};
			name = Release;
		};
		DCE8D3F228719FCB00B129D1 /* Debug */ = {
			isa = XCBuildConfiguration;
			buildSettings = {
				ASSETCATALOG_COMPILER_APPICON_NAME = AppIcon;
				ASSETCATALOG_COMPILER_GLOBAL_ACCENT_COLOR_NAME = AccentColor;
				CODE_SIGN_STYLE = Automatic;
				CURRENT_PROJECT_VERSION = 1;
				DEVELOPMENT_TEAM = NHB6XUG436;
				GENERATE_INFOPLIST_FILE = YES;
				INFOPLIST_FILE = Mindvalley/Info.plist;
				INFOPLIST_KEY_UIApplicationSupportsIndirectInputEvents = YES;
				INFOPLIST_KEY_UILaunchStoryboardName = LaunchScreen;
				INFOPLIST_KEY_UISupportedInterfaceOrientations_iPad = "UIInterfaceOrientationPortrait UIInterfaceOrientationPortraitUpsideDown UIInterfaceOrientationLandscapeLeft UIInterfaceOrientationLandscapeRight";
				INFOPLIST_KEY_UISupportedInterfaceOrientations_iPhone = "UIInterfaceOrientationPortrait UIInterfaceOrientationLandscapeLeft UIInterfaceOrientationLandscapeRight";
				IPHONEOS_DEPLOYMENT_TARGET = 13.0;
				LD_RUNPATH_SEARCH_PATHS = (
					"$(inherited)",
					"@executable_path/Frameworks",
				);
				MARKETING_VERSION = 1.0;
				PRODUCT_BUNDLE_IDENTIFIER = com.mr.Mindvalley;
				PRODUCT_NAME = "$(TARGET_NAME)";
				SWIFT_EMIT_LOC_STRINGS = YES;
				SWIFT_VERSION = 5.0;
				TARGETED_DEVICE_FAMILY = "1,2";
			};
			name = Debug;
		};
		DCE8D3F328719FCB00B129D1 /* Release */ = {
			isa = XCBuildConfiguration;
			buildSettings = {
				ASSETCATALOG_COMPILER_APPICON_NAME = AppIcon;
				ASSETCATALOG_COMPILER_GLOBAL_ACCENT_COLOR_NAME = AccentColor;
				CODE_SIGN_STYLE = Automatic;
				CURRENT_PROJECT_VERSION = 1;
				DEVELOPMENT_TEAM = NHB6XUG436;
				GENERATE_INFOPLIST_FILE = YES;
				INFOPLIST_FILE = Mindvalley/Info.plist;
				INFOPLIST_KEY_UIApplicationSupportsIndirectInputEvents = YES;
				INFOPLIST_KEY_UILaunchStoryboardName = LaunchScreen;
				INFOPLIST_KEY_UISupportedInterfaceOrientations_iPad = "UIInterfaceOrientationPortrait UIInterfaceOrientationPortraitUpsideDown UIInterfaceOrientationLandscapeLeft UIInterfaceOrientationLandscapeRight";
				INFOPLIST_KEY_UISupportedInterfaceOrientations_iPhone = "UIInterfaceOrientationPortrait UIInterfaceOrientationLandscapeLeft UIInterfaceOrientationLandscapeRight";
				IPHONEOS_DEPLOYMENT_TARGET = 13.0;
				LD_RUNPATH_SEARCH_PATHS = (
					"$(inherited)",
					"@executable_path/Frameworks",
				);
				MARKETING_VERSION = 1.0;
				PRODUCT_BUNDLE_IDENTIFIER = com.mr.Mindvalley;
				PRODUCT_NAME = "$(TARGET_NAME)";
				SWIFT_EMIT_LOC_STRINGS = YES;
				SWIFT_VERSION = 5.0;
				TARGETED_DEVICE_FAMILY = "1,2";
			};
			name = Release;
		};
		DCE8D3F528719FCB00B129D1 /* Debug */ = {
			isa = XCBuildConfiguration;
			buildSettings = {
				ALWAYS_EMBED_SWIFT_STANDARD_LIBRARIES = YES;
				BUNDLE_LOADER = "$(TEST_HOST)";
				CODE_SIGN_STYLE = Automatic;
				CURRENT_PROJECT_VERSION = 1;
				DEVELOPMENT_TEAM = NHB6XUG436;
				GENERATE_INFOPLIST_FILE = YES;
				IPHONEOS_DEPLOYMENT_TARGET = 15.5;
				MARKETING_VERSION = 1.0;
				PRODUCT_BUNDLE_IDENTIFIER = com.mr.MindvalleyTests;
				PRODUCT_NAME = "$(TARGET_NAME)";
				SWIFT_EMIT_LOC_STRINGS = NO;
				SWIFT_VERSION = 5.0;
				TARGETED_DEVICE_FAMILY = "1,2";
				TEST_HOST = "$(BUILT_PRODUCTS_DIR)/Mindvalley.app/Mindvalley";
			};
			name = Debug;
		};
		DCE8D3F628719FCB00B129D1 /* Release */ = {
			isa = XCBuildConfiguration;
			buildSettings = {
				ALWAYS_EMBED_SWIFT_STANDARD_LIBRARIES = YES;
				BUNDLE_LOADER = "$(TEST_HOST)";
				CODE_SIGN_STYLE = Automatic;
				CURRENT_PROJECT_VERSION = 1;
				DEVELOPMENT_TEAM = NHB6XUG436;
				GENERATE_INFOPLIST_FILE = YES;
				IPHONEOS_DEPLOYMENT_TARGET = 15.5;
				MARKETING_VERSION = 1.0;
				PRODUCT_BUNDLE_IDENTIFIER = com.mr.MindvalleyTests;
				PRODUCT_NAME = "$(TARGET_NAME)";
				SWIFT_EMIT_LOC_STRINGS = NO;
				SWIFT_VERSION = 5.0;
				TARGETED_DEVICE_FAMILY = "1,2";
				TEST_HOST = "$(BUILT_PRODUCTS_DIR)/Mindvalley.app/Mindvalley";
			};
			name = Release;
		};
		DCE8D3F828719FCB00B129D1 /* Debug */ = {
			isa = XCBuildConfiguration;
			buildSettings = {
				ALWAYS_EMBED_SWIFT_STANDARD_LIBRARIES = YES;
				CODE_SIGN_STYLE = Automatic;
				CURRENT_PROJECT_VERSION = 1;
				DEVELOPMENT_TEAM = NHB6XUG436;
				GENERATE_INFOPLIST_FILE = YES;
				MARKETING_VERSION = 1.0;
				PRODUCT_BUNDLE_IDENTIFIER = com.mr.MindvalleyUITests;
				PRODUCT_NAME = "$(TARGET_NAME)";
				SWIFT_EMIT_LOC_STRINGS = NO;
				SWIFT_VERSION = 5.0;
				TARGETED_DEVICE_FAMILY = "1,2";
				TEST_TARGET_NAME = Mindvalley;
			};
			name = Debug;
		};
		DCE8D3F928719FCB00B129D1 /* Release */ = {
			isa = XCBuildConfiguration;
			buildSettings = {
				ALWAYS_EMBED_SWIFT_STANDARD_LIBRARIES = YES;
				CODE_SIGN_STYLE = Automatic;
				CURRENT_PROJECT_VERSION = 1;
				DEVELOPMENT_TEAM = NHB6XUG436;
				GENERATE_INFOPLIST_FILE = YES;
				MARKETING_VERSION = 1.0;
				PRODUCT_BUNDLE_IDENTIFIER = com.mr.MindvalleyUITests;
				PRODUCT_NAME = "$(TARGET_NAME)";
				SWIFT_EMIT_LOC_STRINGS = NO;
				SWIFT_VERSION = 5.0;
				TARGETED_DEVICE_FAMILY = "1,2";
				TEST_TARGET_NAME = Mindvalley;
			};
			name = Release;
		};
/* End XCBuildConfiguration section */

/* Begin XCConfigurationList section */
		DCE8D3C228719FCA00B129D1 /* Build configuration list for PBXProject "Mindvalley" */ = {
			isa = XCConfigurationList;
			buildConfigurations = (
				DCE8D3EF28719FCB00B129D1 /* Debug */,
				DCE8D3F028719FCB00B129D1 /* Release */,
			);
			defaultConfigurationIsVisible = 0;
			defaultConfigurationName = Release;
		};
		DCE8D3F128719FCB00B129D1 /* Build configuration list for PBXNativeTarget "Mindvalley" */ = {
			isa = XCConfigurationList;
			buildConfigurations = (
				DCE8D3F228719FCB00B129D1 /* Debug */,
				DCE8D3F328719FCB00B129D1 /* Release */,
			);
			defaultConfigurationIsVisible = 0;
			defaultConfigurationName = Release;
		};
		DCE8D3F428719FCB00B129D1 /* Build configuration list for PBXNativeTarget "MindvalleyTests" */ = {
			isa = XCConfigurationList;
			buildConfigurations = (
				DCE8D3F528719FCB00B129D1 /* Debug */,
				DCE8D3F628719FCB00B129D1 /* Release */,
			);
			defaultConfigurationIsVisible = 0;
			defaultConfigurationName = Release;
		};
		DCE8D3F728719FCB00B129D1 /* Build configuration list for PBXNativeTarget "MindvalleyUITests" */ = {
			isa = XCConfigurationList;
			buildConfigurations = (
				DCE8D3F828719FCB00B129D1 /* Debug */,
				DCE8D3F928719FCB00B129D1 /* Release */,
			);
			defaultConfigurationIsVisible = 0;
			defaultConfigurationName = Release;
		};
/* End XCConfigurationList section */

/* Begin XCVersionGroup section */
		DCE8D4F42872600000B129D1 /* Channels.xcdatamodeld */ = {
			isa = XCVersionGroup;
			children = (
				DCE8D4F52872600000B129D1 /* ListPhotos.xcdatamodel */,
			);
			currentVersion = DCE8D4F52872600000B129D1 /* ListPhotos.xcdatamodel */;
			path = Channels.xcdatamodeld;
			sourceTree = "<group>";
			versionGroupType = wrapper.xcdatamodel;
		};
/* End XCVersionGroup section */
	};
	rootObject = DCE8D3BF28719FCA00B129D1 /* Project object */;
}
